
Microsoft Visual Studio Solution File, Format Version 12.00
# Visual Studio 15
VisualStudioVersion = 15.0.28307.2092
MinimumVisualStudioVersion = 10.0.40219.1
Project("{FAE04EC0-301F-11D3-BF4B-00C04F79EFBC}") = "create_list", "create_list\create_list.csproj", "{A45702A4-1D76-496A-A40A-7432927C5605}"
EndProject
Global
	GlobalSection(SolutionConfigurationPlatforms) = preSolution
		Debug|Any CPU = Debug|Any CPU
		Release|Any CPU = Release|Any CPU
	EndGlobalSection
	GlobalSection(ProjectConfigurationPlatforms) = postSolution
		{A45702A4-1D76-496A-A40A-7432927C5605}.Debug|Any CPU.ActiveCfg = Debug|Any CPU
		{A45702A4-1D76-496A-A40A-7432927C5605}.Debug|Any CPU.Build.0 = Debug|Any CPU
		{A45702A4-1D76-496A-A40A-7432927C5605}.Release|Any CPU.ActiveCfg = Release|Any CPU
		{A45702A4-1D76-496A-A40A-7432927C5605}.Release|Any CPU.Build.0 = Release|Any CPU
	EndGlobalSection
	GlobalSection(SolutionProperties) = preSolution
		HideSolutionNode = FALSE
	EndGlobalSection
	GlobalSection(ExtensibilityGlobals) = postSolution
		SolutionGuid = {CBD163D6-565B-4CA8-A595-6C7522B335E1}
	EndGlobalSection
EndGlobal
